
Microsoft Visual Studio Solution File, Format Version 12.00
# Visual Studio Version 17
VisualStudioVersion = 17.7.34024.191
MinimumVisualStudioVersion = 10.0.40219.1
Project("{FAE04EC0-301F-11D3-BF4B-00C04F79EFBC}") = "TESTME", "TESTME\TESTME.csproj", "{D774546A-02C2-4057-9236-BCFD5186405A}"
EndProject
Project("{FAE04EC0-301F-11D3-BF4B-00C04F79EFBC}") = "Mstest2", "Mstest2\Mstest2.csproj", "{67C5E035-3764-4E3C-9C5A-85BF83B921B8}"
EndProject
Global
	GlobalSection(SolutionConfigurationPlatforms) = preSolution
		Debug|Any CPU = Debug|Any CPU
		Release|Any CPU = Release|Any CPU
	EndGlobalSection
	GlobalSection(ProjectConfigurationPlatforms) = postSolution
		{D774546A-02C2-4057-9236-BCFD5186405A}.Debug|Any CPU.ActiveCfg = Debug|Any CPU
		{D774546A-02C2-4057-9236-BCFD5186405A}.Debug|Any CPU.Build.0 = Debug|Any CPU
		{D774546A-02C2-4057-9236-BCFD5186405A}.Release|Any CPU.ActiveCfg = Release|Any CPU
		{D774546A-02C2-4057-9236-BCFD5186405A}.Release|Any CPU.Build.0 = Release|Any CPU
		{67C5E035-3764-4E3C-9C5A-85BF83B921B8}.Debug|Any CPU.ActiveCfg = Debug|Any CPU
		{67C5E035-3764-4E3C-9C5A-85BF83B921B8}.Debug|Any CPU.Build.0 = Debug|Any CPU
		{67C5E035-3764-4E3C-9C5A-85BF83B921B8}.Release|Any CPU.ActiveCfg = Release|Any CPU
		{67C5E035-3764-4E3C-9C5A-85BF83B921B8}.Release|Any CPU.Build.0 = Release|Any CPU
	EndGlobalSection
	GlobalSection(SolutionProperties) = preSolution
		HideSolutionNode = FALSE
	EndGlobalSection
	GlobalSection(ExtensibilityGlobals) = postSolution
		SolutionGuid = {CE8F6B26-32E3-4DF4-908B-EC8A9D199A82}
	EndGlobalSection
EndGlobal
